// !$*UTF8*$!
{
	archiveVersion = 1;
	classes = {
	};
	objectVersion = 56;
	objects = {

/* Begin PBXBuildFile section */
		A4C047842BDC12510011E0A0 /* AppDelegate.swift in Sources */ = {isa = PBXBuildFile; fileRef = A4C047832BDC12510011E0A0 /* AppDelegate.swift */; };
		A4C047862BDC12510011E0A0 /* SceneDelegate.swift in Sources */ = {isa = PBXBuildFile; fileRef = A4C047852BDC12510011E0A0 /* SceneDelegate.swift */; };
		A4C0478B2BDC12510011E0A0 /* Main.storyboard in Resources */ = {isa = PBXBuildFile; fileRef = A4C047892BDC12510011E0A0 /* Main.storyboard */; };
		A4C0478D2BDC12520011E0A0 /* Assets.xcassets in Resources */ = {isa = PBXBuildFile; fileRef = A4C0478C2BDC12520011E0A0 /* Assets.xcassets */; };
		A4C047902BDC12520011E0A0 /* LaunchScreen.storyboard in Resources */ = {isa = PBXBuildFile; fileRef = A4C0478E2BDC12520011E0A0 /* LaunchScreen.storyboard */; };
		A4C0479D2BDC12860011E0A0 /* ClockViewController.swift in Sources */ = {isa = PBXBuildFile; fileRef = A4C047982BDC12860011E0A0 /* ClockViewController.swift */; };
		A4C0479E2BDC12860011E0A0 /* TimeDisplayView.swift in Sources */ = {isa = PBXBuildFile; fileRef = A4C047992BDC12860011E0A0 /* TimeDisplayView.swift */; };
		A4C0479F2BDC12860011E0A0 /* ClockCollectionCell.swift in Sources */ = {isa = PBXBuildFile; fileRef = A4C0479A2BDC12860011E0A0 /* ClockCollectionCell.swift */; };
		A4C047A02BDC12860011E0A0 /* Document.swift in Sources */ = {isa = PBXBuildFile; fileRef = A4C0479B2BDC12860011E0A0 /* Document.swift */; };
		A4C047A12BDC12860011E0A0 /* ClockCollectionCell.xib in Resources */ = {isa = PBXBuildFile; fileRef = A4C0479C2BDC12860011E0A0 /* ClockCollectionCell.xib */; };
/* End PBXBuildFile section */

/* Begin PBXFileReference section */
		A4C047802BDC12510011E0A0 /* WordClock.app */ = {isa = PBXFileReference; explicitFileType = wrapper.application; includeInIndex = 0; path = WordClock.app; sourceTree = BUILT_PRODUCTS_DIR; };
		A4C047832BDC12510011E0A0 /* AppDelegate.swift */ = {isa = PBXFileReference; lastKnownFileType = sourcecode.swift; path = AppDelegate.swift; sourceTree = "<group>"; };
		A4C047852BDC12510011E0A0 /* SceneDelegate.swift */ = {isa = PBXFileReference; lastKnownFileType = sourcecode.swift; path = SceneDelegate.swift; sourceTree = "<group>"; };
		A4C0478A2BDC12510011E0A0 /* Base */ = {isa = PBXFileReference; lastKnownFileType = file.storyboard; name = Base; path = Base.lproj/Main.storyboard; sourceTree = "<group>"; };
		A4C0478C2BDC12520011E0A0 /* Assets.xcassets */ = {isa = PBXFileReference; lastKnownFileType = folder.assetcatalog; path = Assets.xcassets; sourceTree = "<group>"; };
		A4C0478F2BDC12520011E0A0 /* Base */ = {isa = PBXFileReference; lastKnownFileType = file.storyboard; name = Base; path = Base.lproj/LaunchScreen.storyboard; sourceTree = "<group>"; };
		A4C047912BDC12520011E0A0 /* Info.plist */ = {isa = PBXFileReference; lastKnownFileType = text.plist.xml; path = Info.plist; sourceTree = "<group>"; };
		A4C047982BDC12860011E0A0 /* ClockViewController.swift */ = {isa = PBXFileReference; fileEncoding = 4; lastKnownFileType = sourcecode.swift; path = ClockViewController.swift; sourceTree = "<group>"; };
		A4C047992BDC12860011E0A0 /* TimeDisplayView.swift */ = {isa = PBXFileReference; fileEncoding = 4; lastKnownFileType = sourcecode.swift; path = TimeDisplayView.swift; sourceTree = "<group>"; };
		A4C0479A2BDC12860011E0A0 /* ClockCollectionCell.swift */ = {isa = PBXFileReference; fileEncoding = 4; lastKnownFileType = sourcecode.swift; path = ClockCollectionCell.swift; sourceTree = "<group>"; };
		A4C0479B2BDC12860011E0A0 /* Document.swift */ = {isa = PBXFileReference; fileEncoding = 4; lastKnownFileType = sourcecode.swift; path = Document.swift; sourceTree = "<group>"; };
		A4C0479C2BDC12860011E0A0 /* ClockCollectionCell.xib */ = {isa = PBXFileReference; fileEncoding = 4; lastKnownFileType = file.xib; path = ClockCollectionCell.xib; sourceTree = "<group>"; };
/* End PBXFileReference section */

/* Begin PBXFrameworksBuildPhase section */
		A4C0477D2BDC12510011E0A0 /* Frameworks */ = {
			isa = PBXFrameworksBuildPhase;
			buildActionMask = 2147483647;
			files = (
			);
			runOnlyForDeploymentPostprocessing = 0;
		};
/* End PBXFrameworksBuildPhase section */

/* Begin PBXGroup section */
		A4C047772BDC12510011E0A0 = {
			isa = PBXGroup;
			children = (
				A4C047822BDC12510011E0A0 /* WordClock */,
				A4C047812BDC12510011E0A0 /* Products */,
			);
			sourceTree = "<group>";
		};
		A4C047812BDC12510011E0A0 /* Products */ = {
			isa = PBXGroup;
			children = (
				A4C047802BDC12510011E0A0 /* WordClock.app */,
			);
			name = Products;
			sourceTree = "<group>";
		};
		A4C047822BDC12510011E0A0 /* WordClock */ = {
			isa = PBXGroup;
			children = (
				A4C047832BDC12510011E0A0 /* AppDelegate.swift */,
				A4C047852BDC12510011E0A0 /* SceneDelegate.swift */,
				A4C047972BDC12730011E0A0 /* Clock */,
				A4C047892BDC12510011E0A0 /* Main.storyboard */,
				A4C0478C2BDC12520011E0A0 /* Assets.xcassets */,
				A4C0478E2BDC12520011E0A0 /* LaunchScreen.storyboard */,
				A4C047912BDC12520011E0A0 /* Info.plist */,
			);
			path = WordClock;
			sourceTree = "<group>";
		};
		A4C047972BDC12730011E0A0 /* Clock */ = {
			isa = PBXGroup;
			children = (
				A4C047982BDC12860011E0A0 /* ClockViewController.swift */,
				A4C0479A2BDC12860011E0A0 /* ClockCollectionCell.swift */,
				A4C0479C2BDC12860011E0A0 /* ClockCollectionCell.xib */,
				A4C0479B2BDC12860011E0A0 /* Document.swift */,
				A4C047992BDC12860011E0A0 /* TimeDisplayView.swift */,
			);
			path = Clock;
			sourceTree = "<group>";
		};
/* End PBXGroup section */

/* Begin PBXNativeTarget section */
		A4C0477F2BDC12510011E0A0 /* WordClock */ = {
			isa = PBXNativeTarget;
			buildConfigurationList = A4C047942BDC12520011E0A0 /* Build configuration list for PBXNativeTarget "WordClock" */;
			buildPhases = (
				A4C0477C2BDC12510011E0A0 /* Sources */,
				A4C0477D2BDC12510011E0A0 /* Frameworks */,
				A4C0477E2BDC12510011E0A0 /* Resources */,
			);
			buildRules = (
			);
			dependencies = (
			);
			name = WordClock;
			productName = WordClock;
			productReference = A4C047802BDC12510011E0A0 /* WordClock.app */;
			productType = "com.apple.product-type.application";
		};
/* End PBXNativeTarget section */

/* Begin PBXProject section */
		A4C047782BDC12510011E0A0 /* Project object */ = {
			isa = PBXProject;
			attributes = {
				BuildIndependentTargetsInParallel = 1;
				LastSwiftUpdateCheck = 1520;
				LastUpgradeCheck = 1520;
				TargetAttributes = {
					A4C0477F2BDC12510011E0A0 = {
						CreatedOnToolsVersion = 15.2;
					};
				};
			};
			buildConfigurationList = A4C0477B2BDC12510011E0A0 /* Build configuration list for PBXProject "WordClock" */;
			compatibilityVersion = "Xcode 14.0";
			developmentRegion = en;
			hasScannedForEncodings = 0;
			knownRegions = (
				en,
				Base,
			);
			mainGroup = A4C047772BDC12510011E0A0;
			productRefGroup = A4C047812BDC12510011E0A0 /* Products */;
			projectDirPath = "";
			projectRoot = "";
			targets = (
				A4C0477F2BDC12510011E0A0 /* WordClock */,
			);
		};
/* End PBXProject section */

/* Begin PBXResourcesBuildPhase section */
		A4C0477E2BDC12510011E0A0 /* Resources */ = {
			isa = PBXResourcesBuildPhase;
			buildActionMask = 2147483647;
			files = (
				A4C047A12BDC12860011E0A0 /* ClockCollectionCell.xib in Resources */,
				A4C047902BDC12520011E0A0 /* LaunchScreen.storyboard in Resources */,
				A4C0478D2BDC12520011E0A0 /* Assets.xcassets in Resources */,
				A4C0478B2BDC12510011E0A0 /* Main.storyboard in Resources */,
			);
			runOnlyForDeploymentPostprocessing = 0;
		};
/* End PBXResourcesBuildPhase section */

/* Begin PBXSourcesBuildPhase section */
		A4C0477C2BDC12510011E0A0 /* Sources */ = {
			isa = PBXSourcesBuildPhase;
			buildActionMask = 2147483647;
			files = (
				A4C0479E2BDC12860011E0A0 /* TimeDisplayView.swift in Sources */,
				A4C0479D2BDC12860011E0A0 /* ClockViewController.swift in Sources */,
				A4C047A02BDC12860011E0A0 /* Document.swift in Sources */,
				A4C047842BDC12510011E0A0 /* AppDelegate.swift in Sources */,
				A4C0479F2BDC12860011E0A0 /* ClockCollectionCell.swift in Sources */,
				A4C047862BDC12510011E0A0 /* SceneDelegate.swift in Sources */,
			);
			runOnlyForDeploymentPostprocessing = 0;
		};
/* End PBXSourcesBuildPhase section */

/* Begin PBXVariantGroup section */
		A4C047892BDC12510011E0A0 /* Main.storyboard */ = {
			isa = PBXVariantGroup;
			children = (
				A4C0478A2BDC12510011E0A0 /* Base */,
			);
			name = Main.storyboard;
			sourceTree = "<group>";
		};
		A4C0478E2BDC12520011E0A0 /* LaunchScreen.storyboard */ = {
			isa = PBXVariantGroup;
			children = (
				A4C0478F2BDC12520011E0A0 /* Base */,
			);
			name = LaunchScreen.storyboard;
			sourceTree = "<group>";
		};
/* End PBXVariantGroup section */

/* Begin XCBuildConfiguration section */
		A4C047922BDC12520011E0A0 /* Debug */ = {
			isa = XCBuildConfiguration;
			buildSettings = {
				ALWAYS_SEARCH_USER_PATHS = NO;
				ASSETCATALOG_COMPILER_GENERATE_SWIFT_ASSET_SYMBOL_EXTENSIONS = YES;
				CLANG_ANALYZER_NONNULL = YES;
				CLANG_ANALYZER_NUMBER_OBJECT_CONVERSION = YES_AGGRESSIVE;
				CLANG_CXX_LANGUAGE_STANDARD = "gnu++20";
				CLANG_ENABLE_MODULES = YES;
				CLANG_ENABLE_OBJC_ARC = YES;
				CLANG_ENABLE_OBJC_WEAK = YES;
				CLANG_WARN_BLOCK_CAPTURE_AUTORELEASING = YES;
				CLANG_WARN_BOOL_CONVERSION = YES;
				CLANG_WARN_COMMA = YES;
				CLANG_WARN_CONSTANT_CONVERSION = YES;
				CLANG_WARN_DEPRECATED_OBJC_IMPLEMENTATIONS = YES;
				CLANG_WARN_DIRECT_OBJC_ISA_USAGE = YES_ERROR;
				CLANG_WARN_DOCUMENTATION_COMMENTS = YES;
				CLANG_WARN_EMPTY_BODY = YES;
				CLANG_WARN_ENUM_CONVERSION = YES;
				CLANG_WARN_INFINITE_RECURSION = YES;
				CLANG_WARN_INT_CONVERSION = YES;
				CLANG_WARN_NON_LITERAL_NULL_CONVERSION = YES;
				CLANG_WARN_OBJC_IMPLICIT_RETAIN_SELF = YES;
				CLANG_WARN_OBJC_LITERAL_CONVERSION = YES;
				CLANG_WARN_OBJC_ROOT_CLASS = YES_ERROR;
				CLANG_WARN_QUOTED_INCLUDE_IN_FRAMEWORK_HEADER = YES;
				CLANG_WARN_RANGE_LOOP_ANALYSIS = YES;
				CLANG_WARN_STRICT_PROTOTYPES = YES;
				CLANG_WARN_SUSPICIOUS_MOVE = YES;
				CLANG_WARN_UNGUARDED_AVAILABILITY = YES_AGGRESSIVE;
				CLANG_WARN_UNREACHABLE_CODE = YES;
				CLANG_WARN__DUPLICATE_METHOD_MATCH = YES;
				COPY_PHASE_STRIP = NO;
				DEBUG_INFORMATION_FORMAT = dwarf;
				ENABLE_STRICT_OBJC_MSGSEND = YES;
				ENABLE_TESTABILITY = YES;
				ENABLE_USER_SCRIPT_SANDBOXING = YES;
				GCC_C_LANGUAGE_STANDARD = gnu17;
				GCC_DYNAMIC_NO_PIC = NO;
				GCC_NO_COMMON_BLOCKS = YES;
				GCC_OPTIMIZATION_LEVEL = 0;
				GCC_PREPROCESSOR_DEFINITIONS = (
					"DEBUG=1",
					"$(inherited)",
				);
				GCC_WARN_64_TO_32_BIT_CONVERSION = YES;
				GCC_WARN_ABOUT_RETURN_TYPE = YES_ERROR;
				GCC_WARN_UNDECLARED_SELECTOR = YES;
				GCC_WARN_UNINITIALIZED_AUTOS = YES_AGGRESSIVE;
				GCC_WARN_UNUSED_FUNCTION = YES;
				GCC_WARN_UNUSED_VARIABLE = YES;
				IPHONEOS_DEPLOYMENT_TARGET = 17.2;
				LOCALIZATION_PREFERS_STRING_CATALOGS = YES;
				MTL_ENABLE_DEBUG_INFO = INCLUDE_SOURCE;
				MTL_FAST_MATH = YES;
				ONLY_ACTIVE_ARCH = YES;
				SDKROOT = iphoneos;
				SWIFT_ACTIVE_COMPILATION_CONDITIONS = "DEBUG $(inherited)";
				SWIFT_OPTIMIZATION_LEVEL = "-Onone";
			};
			name = Debug;
		};
		A4C047932BDC12520011E0A0 /* Release */ = {
			isa = XCBuildConfiguration;
			buildSettings = {
				ALWAYS_SEARCH_USER_PATHS = NO;
				ASSETCATALOG_COMPILER_GENERATE_SWIFT_ASSET_SYMBOL_EXTENSIONS = YES;
				CLANG_ANALYZER_NONNULL = YES;
				CLANG_ANALYZER_NUMBER_OBJECT_CONVERSION = YES_AGGRESSIVE;
				CLANG_CXX_LANGUAGE_STANDARD = "gnu++20";
				CLANG_ENABLE_MODULES = YES;
				CLANG_ENABLE_OBJC_ARC = YES;
				CLANG_ENABLE_OBJC_WEAK = YES;
				CLANG_WARN_BLOCK_CAPTURE_AUTORELEASING = YES;
				CLANG_WARN_BOOL_CONVERSION = YES;
				CLANG_WARN_COMMA = YES;
				CLANG_WARN_CONSTANT_CONVERSION = YES;
				CLANG_WARN_DEPRECATED_OBJC_IMPLEMENTATIONS = YES;
				CLANG_WARN_DIRECT_OBJC_ISA_USAGE = YES_ERROR;
				CLANG_WARN_DOCUMENTATION_COMMENTS = YES;
				CLANG_WARN_EMPTY_BODY = YES;
				CLANG_WARN_ENUM_CONVERSION = YES;
				CLANG_WARN_INFINITE_RECURSION = YES;
				CLANG_WARN_INT_CONVERSION = YES;
				CLANG_WARN_NON_LITERAL_NULL_CONVERSION = YES;
				CLANG_WARN_OBJC_IMPLICIT_RETAIN_SELF = YES;
				CLANG_WARN_OBJC_LITERAL_CONVERSION = YES;
				CLANG_WARN_OBJC_ROOT_CLASS = YES_ERROR;
				CLANG_WARN_QUOTED_INCLUDE_IN_FRAMEWORK_HEADER = YES;
				CLANG_WARN_RANGE_LOOP_ANALYSIS = YES;
				CLANG_WARN_STRICT_PROTOTYPES = YES;
				CLANG_WARN_SUSPICIOUS_MOVE = YES;
				CLANG_WARN_UNGUARDED_AVAILABILITY = YES_AGGRESSIVE;
				CLANG_WARN_UNREACHABLE_CODE = YES;
				CLANG_WARN__DUPLICATE_METHOD_MATCH = YES;
				COPY_PHASE_STRIP = NO;
				DEBUG_INFORMATION_FORMAT = "dwarf-with-dsym";
				ENABLE_NS_ASSERTIONS = NO;
				ENABLE_STRICT_OBJC_MSGSEND = YES;
				ENABLE_USER_SCRIPT_SANDBOXING = YES;
				GCC_C_LANGUAGE_STANDARD = gnu17;
				GCC_NO_COMMON_BLOCKS = YES;
				GCC_WARN_64_TO_32_BIT_CONVERSION = YES;
				GCC_WARN_ABOUT_RETURN_TYPE = YES_ERROR;
				GCC_WARN_UNDECLARED_SELECTOR = YES;
				GCC_WARN_UNINITIALIZED_AUTOS = YES_AGGRESSIVE;
				GCC_WARN_UNUSED_FUNCTION = YES;
				GCC_WARN_UNUSED_VARIABLE = YES;
				IPHONEOS_DEPLOYMENT_TARGET = 17.2;
				LOCALIZATION_PREFERS_STRING_CATALOGS = YES;
				MTL_ENABLE_DEBUG_INFO = NO;
				MTL_FAST_MATH = YES;
				SDKROOT = iphoneos;
				SWIFT_COMPILATION_MODE = wholemodule;
				VALIDATE_PRODUCT = YES;
			};
			name = Release;
		};
		A4C047952BDC12520011E0A0 /* Debug */ = {
			isa = XCBuildConfiguration;
			buildSettings = {
				ASSETCATALOG_COMPILER_APPICON_NAME = AppIcon;
				ASSETCATALOG_COMPILER_GLOBAL_ACCENT_COLOR_NAME = AccentColor;
				CODE_SIGN_STYLE = Automatic;
				CURRENT_PROJECT_VERSION = 1;
				GENERATE_INFOPLIST_FILE = YES;
				INFOPLIST_FILE = WordClock/Info.plist;
				INFOPLIST_KEY_UIApplicationSupportsIndirectInputEvents = YES;
				INFOPLIST_KEY_UILaunchStoryboardName = LaunchScreen;
				INFOPLIST_KEY_UIMainStoryboardFile = Main;
				INFOPLIST_KEY_UIStatusBarStyle = "";
				INFOPLIST_KEY_UISupportedInterfaceOrientations_iPad = "UIInterfaceOrientationLandscapeLeft UIInterfaceOrientationLandscapeRight UIInterfaceOrientationPortrait UIInterfaceOrientationPortraitUpsideDown";
				IPHONEOS_DEPLOYMENT_TARGET = 15.0;
				LD_RUNPATH_SEARCH_PATHS = (
					"$(inherited)",
					"@executable_path/Frameworks",
				);
				MARKETING_VERSION = 1.0;
				PRODUCT_BUNDLE_IDENTIFIER = com.WordClock;
				PRODUCT_NAME = "$(TARGET_NAME)";
				SUPPORTED_PLATFORMS = "iphoneos iphonesimulator";
				SUPPORTS_MACCATALYST = NO;
				SUPPORTS_MAC_DESIGNED_FOR_IPHONE_IPAD = NO;
				SWIFT_EMIT_LOC_STRINGS = YES;
				SWIFT_VERSION = 5.0;
				TARGETED_DEVICE_FAMILY = 2;
			};
			name = Debug;
		};
		A4C047962BDC12520011E0A0 /* Release */ = {
			isa = XCBuildConfiguration;
			buildSettings = {
				ASSETCATALOG_COMPILER_APPICON_NAME = AppIcon;
				ASSETCATALOG_COMPILER_GLOBAL_ACCENT_COLOR_NAME = AccentColor;
				CODE_SIGN_STYLE = Automatic;
				CURRENT_PROJECT_VERSION = 1;
				GENERATE_INFOPLIST_FILE = YES;
				INFOPLIST_FILE = WordClock/Info.plist;
				INFOPLIST_KEY_UIApplicationSupportsIndirectInputEvents = YES;
				INFOPLIST_KEY_UILaunchStoryboardName = LaunchScreen;
				INFOPLIST_KEY_UIMainStoryboardFile = Main;
				INFOPLIST_KEY_UIStatusBarStyle = "";
				INFOPLIST_KEY_UISupportedInterfaceOrientations_iPad = "UIInterfaceOrientationLandscapeLeft UIInterfaceOrientationLandscapeRight UIInterfaceOrientationPortrait UIInterfaceOrientationPortraitUpsideDown";
				IPHONEOS_DEPLOYMENT_TARGET = 15.0;
				LD_RUNPATH_SEARCH_PATHS = (
					"$(inherited)",
					"@executable_path/Frameworks",
				);
				MARKETING_VERSION = 1.0;
				PRODUCT_BUNDLE_IDENTIFIER = com.WordClock;
				PRODUCT_NAME = "$(TARGET_NAME)";
				SUPPORTED_PLATFORMS = "iphoneos iphonesimulator";
				SUPPORTS_MACCATALYST = NO;
				SUPPORTS_MAC_DESIGNED_FOR_IPHONE_IPAD = NO;
				SWIFT_EMIT_LOC_STRINGS = YES;
				SWIFT_VERSION = 5.0;
				TARGETED_DEVICE_FAMILY = 2;
			};
			name = Release;
		};
/* End XCBuildConfiguration section */

/* Begin XCConfigurationList section */
		A4C0477B2BDC12510011E0A0 /* Build configuration list for PBXProject "WordClock" */ = {
			isa = XCConfigurationList;
			buildConfigurations = (
				A4C047922BDC12520011E0A0 /* Debug */,
				A4C047932BDC12520011E0A0 /* Release */,
			);
			defaultConfigurationIsVisible = 0;
			defaultConfigurationName = Release;
		};
		A4C047942BDC12520011E0A0 /* Build configuration list for PBXNativeTarget "WordClock" */ = {
			isa = XCConfigurationList;
			buildConfigurations = (
				A4C047952BDC12520011E0A0 /* Debug */,
				A4C047962BDC12520011E0A0 /* Release */,
			);
			defaultConfigurationIsVisible = 0;
			defaultConfigurationName = Release;
		};
/* End XCConfigurationList section */
	};
	rootObject = A4C047782BDC12510011E0A0 /* Project object */;
}
